{
  "name": "forkify",
  "version": "1.0.0",
  "lockfileVersion": 2,
  "requires": true,
  "packages": {
    "": {
      "name": "forkify",
      "version": "1.0.0",
      "license": "ISC",
      "dependencies": {
        "fracty": "^1.0.11",
        "img": "^3.0.3"
      }
    },
    "node_modules/fracty": {
      "version": "1.0.11",
      "resolved": "https://registry.npmjs.org/fracty/-/fracty-1.0.11.tgz",
      "integrity": "sha512-ErR63lQoYO4xMGkJDW6byvE92l+h00yVnKkW4CjHevKBxVBhnd9C3xaDJwkaMmmr6Y/LlqGk1Gu9wf9wk1FcCg=="
    },
    "node_modules/img": {
      "version": "3.0.3",
      "resolved": "https://registry.npmjs.org/img/-/img-3.0.3.tgz",
      "integrity": "sha512-+JmjCiDWBFyxwAZGKpNhgnpfM/AoFqLgl5SYRARp3q35uiQTWrP/iPQMJveiqhq0D5xhZDWOT17IE6TG5l4MWw=="
    }
  },
  "dependencies": {
    "fracty": {
      "version": "1.0.11",
      "resolved": "https://registry.npmjs.org/fracty/-/fracty-1.0.11.tgz",
      "integrity": "sha512-ErR63lQoYO4xMGkJDW6byvE92l+h00yVnKkW4CjHevKBxVBhnd9C3xaDJwkaMmmr6Y/LlqGk1Gu9wf9wk1FcCg=="
    },
    "img": {
      "version": "3.0.3",
      "resolved": "https://registry.npmjs.org/img/-/img-3.0.3.tgz",
      "integrity": "sha512-+JmjCiDWBFyxwAZGKpNhgnpfM/AoFqLgl5SYRARp3q35uiQTWrP/iPQMJveiqhq0D5xhZDWOT17IE6TG5l4MWw=="
    }
  }
}
